
Microsoft Visual Studio Solution File, Format Version 12.00
# Visual Studio Version 16
VisualStudioVersion = 16.0.30503.244
MinimumVisualStudioVersion = 10.0.40219.1
Project("{9A19103F-16F7-4668-BE54-9A1E7A4F7556}") = "UsdToBgn", "UsdToBgn\UsdToBgn.csproj", "{CCC57B52-8B0D-4FE8-AC60-D476834BF904}"
EndProject
Project("{9A19103F-16F7-4668-BE54-9A1E7A4F7556}") = "RadiansToDegrees", "RadiansToDegrees\RadiansToDegrees.csproj", "{E41C953F-975E-4D12-84BA-5C2FD168909E}"
EndProject
Project("{9A19103F-16F7-4668-BE54-9A1E7A4F7556}") = "DepositCalculator", "DepositCalculator\DepositCalculator.csproj", "{8D1081F0-F902-4AAB-853D-7F83A60D2EC8}"
EndProject
Project("{9A19103F-16F7-4668-BE54-9A1E7A4F7556}") = "VacationBooksList", "VacationBooksList\VacationBooksList.csproj", "{E3A54828-1082-4A2C-A405-E38C74950E54}"
EndProject
Project("{9A19103F-16F7-4668-BE54-9A1E7A4F7556}") = "BirthdayParty", "BirthdayParty\BirthdayParty.csproj", "{2A719F5A-1DAA-485D-B680-08413697EDA8}"
EndProject
Project("{9A19103F-16F7-4668-BE54-9A1E7A4F7556}") = "CharityCampaign", "CharityCampaign\CharityCampaign.csproj", "{B121C2CC-3DDF-45B7-8EA2-5B8CA0771BEF}"
EndProject
Project("{FAE04EC0-301F-11D3-BF4B-00C04F79EFBC}") = "FruitMarket", "FruitMarket\FruitMarket.csproj", "{6C003398-E67F-4232-900E-8B7BFA8F06CC}"
EndProject
Project("{FAE04EC0-301F-11D3-BF4B-00C04F79EFBC}") = "FishTank", "FishTank\FishTank.csproj", "{4B55AC65-5B60-473D-8F5F-EF08A4AF8693}"
EndProject
Global
	GlobalSection(SolutionConfigurationPlatforms) = preSolution
		Debug|Any CPU = Debug|Any CPU
		Release|Any CPU = Release|Any CPU
	EndGlobalSection
	GlobalSection(ProjectConfigurationPlatforms) = postSolution
		{CCC57B52-8B0D-4FE8-AC60-D476834BF904}.Debug|Any CPU.ActiveCfg = Debug|Any CPU
		{CCC57B52-8B0D-4FE8-AC60-D476834BF904}.Debug|Any CPU.Build.0 = Debug|Any CPU
		{CCC57B52-8B0D-4FE8-AC60-D476834BF904}.Release|Any CPU.ActiveCfg = Release|Any CPU
		{CCC57B52-8B0D-4FE8-AC60-D476834BF904}.Release|Any CPU.Build.0 = Release|Any CPU
		{E41C953F-975E-4D12-84BA-5C2FD168909E}.Debug|Any CPU.ActiveCfg = Debug|Any CPU
		{E41C953F-975E-4D12-84BA-5C2FD168909E}.Debug|Any CPU.Build.0 = Debug|Any CPU
		{E41C953F-975E-4D12-84BA-5C2FD168909E}.Release|Any CPU.ActiveCfg = Release|Any CPU
		{E41C953F-975E-4D12-84BA-5C2FD168909E}.Release|Any CPU.Build.0 = Release|Any CPU
		{8D1081F0-F902-4AAB-853D-7F83A60D2EC8}.Debug|Any CPU.ActiveCfg = Debug|Any CPU
		{8D1081F0-F902-4AAB-853D-7F83A60D2EC8}.Debug|Any CPU.Build.0 = Debug|Any CPU
		{8D1081F0-F902-4AAB-853D-7F83A60D2EC8}.Release|Any CPU.ActiveCfg = Release|Any CPU
		{8D1081F0-F902-4AAB-853D-7F83A60D2EC8}.Release|Any CPU.Build.0 = Release|Any CPU
		{E3A54828-1082-4A2C-A405-E38C74950E54}.Debug|Any CPU.ActiveCfg = Debug|Any CPU
		{E3A54828-1082-4A2C-A405-E38C74950E54}.Debug|Any CPU.Build.0 = Debug|Any CPU
		{E3A54828-1082-4A2C-A405-E38C74950E54}.Release|Any CPU.ActiveCfg = Release|Any CPU
		{E3A54828-1082-4A2C-A405-E38C74950E54}.Release|Any CPU.Build.0 = Release|Any CPU
		{2A719F5A-1DAA-485D-B680-08413697EDA8}.Debug|Any CPU.ActiveCfg = Debug|Any CPU
		{2A719F5A-1DAA-485D-B680-08413697EDA8}.Debug|Any CPU.Build.0 = Debug|Any CPU
		{2A719F5A-1DAA-485D-B680-08413697EDA8}.Release|Any CPU.ActiveCfg = Release|Any CPU
		{2A719F5A-1DAA-485D-B680-08413697EDA8}.Release|Any CPU.Build.0 = Release|Any CPU
		{B121C2CC-3DDF-45B7-8EA2-5B8CA0771BEF}.Debug|Any CPU.ActiveCfg = Debug|Any CPU
		{B121C2CC-3DDF-45B7-8EA2-5B8CA0771BEF}.Debug|Any CPU.Build.0 = Debug|Any CPU
		{B121C2CC-3DDF-45B7-8EA2-5B8CA0771BEF}.Release|Any CPU.ActiveCfg = Release|Any CPU
		{B121C2CC-3DDF-45B7-8EA2-5B8CA0771BEF}.Release|Any CPU.Build.0 = Release|Any CPU
		{6C003398-E67F-4232-900E-8B7BFA8F06CC}.Debug|Any CPU.ActiveCfg = Debug|Any CPU
		{6C003398-E67F-4232-900E-8B7BFA8F06CC}.Debug|Any CPU.Build.0 = Debug|Any CPU
		{6C003398-E67F-4232-900E-8B7BFA8F06CC}.Release|Any CPU.ActiveCfg = Release|Any CPU
		{6C003398-E67F-4232-900E-8B7BFA8F06CC}.Release|Any CPU.Build.0 = Release|Any CPU
		{4B55AC65-5B60-473D-8F5F-EF08A4AF8693}.Debug|Any CPU.ActiveCfg = Debug|Any CPU
		{4B55AC65-5B60-473D-8F5F-EF08A4AF8693}.Debug|Any CPU.Build.0 = Debug|Any CPU
		{4B55AC65-5B60-473D-8F5F-EF08A4AF8693}.Release|Any CPU.ActiveCfg = Release|Any CPU
		{4B55AC65-5B60-473D-8F5F-EF08A4AF8693}.Release|Any CPU.Build.0 = Release|Any CPU
	EndGlobalSection
	GlobalSection(SolutionProperties) = preSolution
		HideSolutionNode = FALSE
	EndGlobalSection
	GlobalSection(ExtensibilityGlobals) = postSolution
		SolutionGuid = {D1F6B87F-9194-4D38-811F-B51DACFE731F}
	EndGlobalSection
EndGlobal
