
Microsoft Visual Studio Solution File, Format Version 12.00
# Visual Studio Version 16
VisualStudioVersion = 16.0.31624.102
MinimumVisualStudioVersion = 10.0.40219.1
Project("{FAE04EC0-301F-11D3-BF4B-00C04F79EFBC}") = "AdoDotNetDemo", "AdoDotNetDemo\AdoDotNetDemo.csproj", "{070568CA-47C4-47B6-BE17-A32F263807F7}"
EndProject
Global
	GlobalSection(SolutionConfigurationPlatforms) = preSolution
		Debug|Any CPU = Debug|Any CPU
		Release|Any CPU = Release|Any CPU
	EndGlobalSection
	GlobalSection(ProjectConfigurationPlatforms) = postSolution
		{070568CA-47C4-47B6-BE17-A32F263807F7}.Debug|Any CPU.ActiveCfg = Debug|Any CPU
		{070568CA-47C4-47B6-BE17-A32F263807F7}.Debug|Any CPU.Build.0 = Debug|Any CPU
		{070568CA-47C4-47B6-BE17-A32F263807F7}.Release|Any CPU.ActiveCfg = Release|Any CPU
		{070568CA-47C4-47B6-BE17-A32F263807F7}.Release|Any CPU.Build.0 = Release|Any CPU
	EndGlobalSection
	GlobalSection(SolutionProperties) = preSolution
		HideSolutionNode = FALSE
	EndGlobalSection
	GlobalSection(ExtensibilityGlobals) = postSolution
		SolutionGuid = {328AF8DF-B8AF-4CED-A248-DF1569C5CCD3}
	EndGlobalSection
EndGlobal
