
Microsoft Visual Studio Solution File, Format Version 12.00
# Visual Studio Version 16
VisualStudioVersion = 16.0.31205.134
MinimumVisualStudioVersion = 10.0.40219.1
Project("{FAE04EC0-301F-11D3-BF4B-00C04F79EFBC}") = "ClassBoxData", "ClassBoxData\ClassBoxData.csproj", "{2F32459B-8BE0-4591-8B46-5D7B39E9BEAA}"
EndProject
Global
	GlobalSection(SolutionConfigurationPlatforms) = preSolution
		Debug|Any CPU = Debug|Any CPU
		Release|Any CPU = Release|Any CPU
	EndGlobalSection
	GlobalSection(ProjectConfigurationPlatforms) = postSolution
		{2F32459B-8BE0-4591-8B46-5D7B39E9BEAA}.Debug|Any CPU.ActiveCfg = Debug|Any CPU
		{2F32459B-8BE0-4591-8B46-5D7B39E9BEAA}.Debug|Any CPU.Build.0 = Debug|Any CPU
		{2F32459B-8BE0-4591-8B46-5D7B39E9BEAA}.Release|Any CPU.ActiveCfg = Release|Any CPU
		{2F32459B-8BE0-4591-8B46-5D7B39E9BEAA}.Release|Any CPU.Build.0 = Release|Any CPU
	EndGlobalSection
	GlobalSection(SolutionProperties) = preSolution
		HideSolutionNode = FALSE
	EndGlobalSection
	GlobalSection(ExtensibilityGlobals) = postSolution
		SolutionGuid = {54E4E5EE-431A-4979-AF9A-1E246B988A47}
	EndGlobalSection
EndGlobal
