
Microsoft Visual Studio Solution File, Format Version 12.00
# Visual Studio Version 16
VisualStudioVersion = 16.0.31205.134
MinimumVisualStudioVersion = 10.0.40219.1
Project("{FAE04EC0-301F-11D3-BF4B-00C04F79EFBC}") = "BankAccount.Tests", "BankAccount.Tests\BankAccount.Tests.csproj", "{90119341-5670-41DD-99A9-15DAA9A27BCC}"
EndProject
Project("{FAE04EC0-301F-11D3-BF4B-00C04F79EFBC}") = "NUnitTest", "NUnitTest\NUnitTest.csproj", "{CE69DE53-DAFF-47BD-8D56-67ED8B8C3C5D}"
EndProject
Global
	GlobalSection(SolutionConfigurationPlatforms) = preSolution
		Debug|Any CPU = Debug|Any CPU
		Release|Any CPU = Release|Any CPU
	EndGlobalSection
	GlobalSection(ProjectConfigurationPlatforms) = postSolution
		{90119341-5670-41DD-99A9-15DAA9A27BCC}.Debug|Any CPU.ActiveCfg = Debug|Any CPU
		{90119341-5670-41DD-99A9-15DAA9A27BCC}.Debug|Any CPU.Build.0 = Debug|Any CPU
		{90119341-5670-41DD-99A9-15DAA9A27BCC}.Release|Any CPU.ActiveCfg = Release|Any CPU
		{90119341-5670-41DD-99A9-15DAA9A27BCC}.Release|Any CPU.Build.0 = Release|Any CPU
		{CE69DE53-DAFF-47BD-8D56-67ED8B8C3C5D}.Debug|Any CPU.ActiveCfg = Debug|Any CPU
		{CE69DE53-DAFF-47BD-8D56-67ED8B8C3C5D}.Debug|Any CPU.Build.0 = Debug|Any CPU
		{CE69DE53-DAFF-47BD-8D56-67ED8B8C3C5D}.Release|Any CPU.ActiveCfg = Release|Any CPU
		{CE69DE53-DAFF-47BD-8D56-67ED8B8C3C5D}.Release|Any CPU.Build.0 = Release|Any CPU
	EndGlobalSection
	GlobalSection(SolutionProperties) = preSolution
		HideSolutionNode = FALSE
	EndGlobalSection
	GlobalSection(ExtensibilityGlobals) = postSolution
		SolutionGuid = {0DBCAF3E-4838-4785-A5E4-309E14147F6C}
	EndGlobalSection
EndGlobal
