
Microsoft Visual Studio Solution File, Format Version 12.00
# Visual Studio Version 16
VisualStudioVersion = 16.0.30503.244
MinimumVisualStudioVersion = 10.0.40219.1
Project("{9A19103F-16F7-4668-BE54-9A1E7A4F7556}") = "ExcellentResult", "01. Excellent Result\ExcellentResult.csproj", "{4D52BD0F-065F-401F-BD14-E79FD8E702F1}"
EndProject
Project("{9A19103F-16F7-4668-BE54-9A1E7A4F7556}") = "GreaterNumber", "02. Greater Number\GreaterNumber.csproj", "{208CF49D-A7A7-4261-B043-FC6051E787F7}"
EndProject
Project("{9A19103F-16F7-4668-BE54-9A1E7A4F7556}") = "EvenOrOdd", "03. Even Or Odd\EvenOrOdd.csproj", "{D2AA4318-AF2E-40B7-A0C1-A7DBED11E8DD}"
EndProject
Project("{9A19103F-16F7-4668-BE54-9A1E7A4F7556}") = "NumberFrom100To200", "04. Number From 100 To 200\NumberFrom100To200.csproj", "{5229CA34-4C9C-4D44-B4CB-4C7C9467994A}"
EndProject
Project("{9A19103F-16F7-4668-BE54-9A1E7A4F7556}") = "PasswordGuess", "05. Password Guess\PasswordGuess.csproj", "{242E0BA3-6FBE-4281-8C74-8F2AB23AC72E}"
EndProject
Project("{9A19103F-16F7-4668-BE54-9A1E7A4F7556}") = "AreaOfFigures", "06. Area Of Figures\AreaOfFigures.csproj", "{3B097FEB-9DD6-45CD-8087-161F53E6CCF8}"
EndProject
Project("{9A19103F-16F7-4668-BE54-9A1E7A4F7556}") = "ToyShop", "07. Toy Shop\ToyShop.csproj", "{FE90AC90-DBD3-416C-BEAB-8BCC90FEB3E3}"
EndProject
Global
	GlobalSection(SolutionConfigurationPlatforms) = preSolution
		Debug|Any CPU = Debug|Any CPU
		Release|Any CPU = Release|Any CPU
	EndGlobalSection
	GlobalSection(ProjectConfigurationPlatforms) = postSolution
		{4D52BD0F-065F-401F-BD14-E79FD8E702F1}.Debug|Any CPU.ActiveCfg = Debug|Any CPU
		{4D52BD0F-065F-401F-BD14-E79FD8E702F1}.Debug|Any CPU.Build.0 = Debug|Any CPU
		{4D52BD0F-065F-401F-BD14-E79FD8E702F1}.Release|Any CPU.ActiveCfg = Release|Any CPU
		{4D52BD0F-065F-401F-BD14-E79FD8E702F1}.Release|Any CPU.Build.0 = Release|Any CPU
		{208CF49D-A7A7-4261-B043-FC6051E787F7}.Debug|Any CPU.ActiveCfg = Debug|Any CPU
		{208CF49D-A7A7-4261-B043-FC6051E787F7}.Debug|Any CPU.Build.0 = Debug|Any CPU
		{208CF49D-A7A7-4261-B043-FC6051E787F7}.Release|Any CPU.ActiveCfg = Release|Any CPU
		{208CF49D-A7A7-4261-B043-FC6051E787F7}.Release|Any CPU.Build.0 = Release|Any CPU
		{D2AA4318-AF2E-40B7-A0C1-A7DBED11E8DD}.Debug|Any CPU.ActiveCfg = Debug|Any CPU
		{D2AA4318-AF2E-40B7-A0C1-A7DBED11E8DD}.Debug|Any CPU.Build.0 = Debug|Any CPU
		{D2AA4318-AF2E-40B7-A0C1-A7DBED11E8DD}.Release|Any CPU.ActiveCfg = Release|Any CPU
		{D2AA4318-AF2E-40B7-A0C1-A7DBED11E8DD}.Release|Any CPU.Build.0 = Release|Any CPU
		{5229CA34-4C9C-4D44-B4CB-4C7C9467994A}.Debug|Any CPU.ActiveCfg = Debug|Any CPU
		{5229CA34-4C9C-4D44-B4CB-4C7C9467994A}.Debug|Any CPU.Build.0 = Debug|Any CPU
		{5229CA34-4C9C-4D44-B4CB-4C7C9467994A}.Release|Any CPU.ActiveCfg = Release|Any CPU
		{5229CA34-4C9C-4D44-B4CB-4C7C9467994A}.Release|Any CPU.Build.0 = Release|Any CPU
		{242E0BA3-6FBE-4281-8C74-8F2AB23AC72E}.Debug|Any CPU.ActiveCfg = Debug|Any CPU
		{242E0BA3-6FBE-4281-8C74-8F2AB23AC72E}.Debug|Any CPU.Build.0 = Debug|Any CPU
		{242E0BA3-6FBE-4281-8C74-8F2AB23AC72E}.Release|Any CPU.ActiveCfg = Release|Any CPU
		{242E0BA3-6FBE-4281-8C74-8F2AB23AC72E}.Release|Any CPU.Build.0 = Release|Any CPU
		{3B097FEB-9DD6-45CD-8087-161F53E6CCF8}.Debug|Any CPU.ActiveCfg = Debug|Any CPU
		{3B097FEB-9DD6-45CD-8087-161F53E6CCF8}.Debug|Any CPU.Build.0 = Debug|Any CPU
		{3B097FEB-9DD6-45CD-8087-161F53E6CCF8}.Release|Any CPU.ActiveCfg = Release|Any CPU
		{3B097FEB-9DD6-45CD-8087-161F53E6CCF8}.Release|Any CPU.Build.0 = Release|Any CPU
		{FE90AC90-DBD3-416C-BEAB-8BCC90FEB3E3}.Debug|Any CPU.ActiveCfg = Debug|Any CPU
		{FE90AC90-DBD3-416C-BEAB-8BCC90FEB3E3}.Debug|Any CPU.Build.0 = Debug|Any CPU
		{FE90AC90-DBD3-416C-BEAB-8BCC90FEB3E3}.Release|Any CPU.ActiveCfg = Release|Any CPU
		{FE90AC90-DBD3-416C-BEAB-8BCC90FEB3E3}.Release|Any CPU.Build.0 = Release|Any CPU
	EndGlobalSection
	GlobalSection(SolutionProperties) = preSolution
		HideSolutionNode = FALSE
	EndGlobalSection
	GlobalSection(ExtensibilityGlobals) = postSolution
		SolutionGuid = {DFF88E22-1378-4F0E-A3D7-1292C5B1D27A}
	EndGlobalSection
EndGlobal
