
Microsoft Visual Studio Solution File, Format Version 12.00
# Visual Studio Version 16
VisualStudioVersion = 16.0.30517.126
MinimumVisualStudioVersion = 10.0.40219.1
Project("{FAE04EC0-301F-11D3-BF4B-00C04F79EFBC}") = "PyramidOfNumbers", "PyramidOfNumbers\PyramidOfNumbers.csproj", "{7B230FAA-6030-4957-BC16-2864990A704C}"
EndProject
Project("{FAE04EC0-301F-11D3-BF4B-00C04F79EFBC}") = "EqualSumsOnOddAndEvenPositions", "EqualSumsOnOddAndEvenPositions\EqualSumsOnOddAndEvenPositions.csproj", "{0D297F75-DF85-47D1-88AD-2EBCEDBBAA33}"
EndProject
Global
	GlobalSection(SolutionConfigurationPlatforms) = preSolution
		Debug|Any CPU = Debug|Any CPU
		Release|Any CPU = Release|Any CPU
	EndGlobalSection
	GlobalSection(ProjectConfigurationPlatforms) = postSolution
		{7B230FAA-6030-4957-BC16-2864990A704C}.Debug|Any CPU.ActiveCfg = Debug|Any CPU
		{7B230FAA-6030-4957-BC16-2864990A704C}.Debug|Any CPU.Build.0 = Debug|Any CPU
		{7B230FAA-6030-4957-BC16-2864990A704C}.Release|Any CPU.ActiveCfg = Release|Any CPU
		{7B230FAA-6030-4957-BC16-2864990A704C}.Release|Any CPU.Build.0 = Release|Any CPU
		{0D297F75-DF85-47D1-88AD-2EBCEDBBAA33}.Debug|Any CPU.ActiveCfg = Debug|Any CPU
		{0D297F75-DF85-47D1-88AD-2EBCEDBBAA33}.Debug|Any CPU.Build.0 = Debug|Any CPU
		{0D297F75-DF85-47D1-88AD-2EBCEDBBAA33}.Release|Any CPU.ActiveCfg = Release|Any CPU
		{0D297F75-DF85-47D1-88AD-2EBCEDBBAA33}.Release|Any CPU.Build.0 = Release|Any CPU
	EndGlobalSection
	GlobalSection(SolutionProperties) = preSolution
		HideSolutionNode = FALSE
	EndGlobalSection
	GlobalSection(ExtensibilityGlobals) = postSolution
		SolutionGuid = {B7A5541B-AB93-48E5-85A3-CBC4D1033B0C}
	EndGlobalSection
EndGlobal
