
Microsoft Visual Studio Solution File, Format Version 12.00
# Visual Studio Version 16
VisualStudioVersion = 16.0.30517.126
MinimumVisualStudioVersion = 10.0.40219.1
Project("{9A19103F-16F7-4668-BE54-9A1E7A4F7556}") = "NumberPyramid", "01. Number Pyramid\NumberPyramid.csproj", "{58EB5759-BC4F-44D0-AD3A-7649976488ED}"
EndProject
Project("{9A19103F-16F7-4668-BE54-9A1E7A4F7556}") = "EqualSumsOnOddAndEvenPositions", "02. Equal Sums On Odd And Even Positions\EqualSumsOnOddAndEvenPositions.csproj", "{CF02C08C-059F-40D0-ADD2-4F6A3DA5A3A9}"
EndProject
Global
	GlobalSection(SolutionConfigurationPlatforms) = preSolution
		Debug|Any CPU = Debug|Any CPU
		Release|Any CPU = Release|Any CPU
	EndGlobalSection
	GlobalSection(ProjectConfigurationPlatforms) = postSolution
		{58EB5759-BC4F-44D0-AD3A-7649976488ED}.Debug|Any CPU.ActiveCfg = Debug|Any CPU
		{58EB5759-BC4F-44D0-AD3A-7649976488ED}.Debug|Any CPU.Build.0 = Debug|Any CPU
		{58EB5759-BC4F-44D0-AD3A-7649976488ED}.Release|Any CPU.ActiveCfg = Release|Any CPU
		{58EB5759-BC4F-44D0-AD3A-7649976488ED}.Release|Any CPU.Build.0 = Release|Any CPU
		{CF02C08C-059F-40D0-ADD2-4F6A3DA5A3A9}.Debug|Any CPU.ActiveCfg = Debug|Any CPU
		{CF02C08C-059F-40D0-ADD2-4F6A3DA5A3A9}.Debug|Any CPU.Build.0 = Debug|Any CPU
		{CF02C08C-059F-40D0-ADD2-4F6A3DA5A3A9}.Release|Any CPU.ActiveCfg = Release|Any CPU
		{CF02C08C-059F-40D0-ADD2-4F6A3DA5A3A9}.Release|Any CPU.Build.0 = Release|Any CPU
	EndGlobalSection
	GlobalSection(SolutionProperties) = preSolution
		HideSolutionNode = FALSE
	EndGlobalSection
	GlobalSection(ExtensibilityGlobals) = postSolution
		SolutionGuid = {B7A5541B-AB93-48E5-85A3-CBC4D1033B0C}
	EndGlobalSection
EndGlobal
