
Microsoft Visual Studio Solution File, Format Version 12.00
# Visual Studio Version 16
VisualStudioVersion = 16.0.31005.135
MinimumVisualStudioVersion = 10.0.40219.1
Project("{FAE04EC0-301F-11D3-BF4B-00C04F79EFBC}") = "SmallestOfThreeNumbers", "SmallestOfThreeNumbers\SmallestOfThreeNumbers.csproj", "{B9250A2D-F506-419A-AC3E-8971A17AEAEB}"
EndProject
Project("{FAE04EC0-301F-11D3-BF4B-00C04F79EFBC}") = "VowelsCount", "VowelsCount\VowelsCount.csproj", "{B9759F01-E0C5-418D-B40E-D8082E11BF55}"
EndProject
Project("{FAE04EC0-301F-11D3-BF4B-00C04F79EFBC}") = "CharactersInRange", "CharactersInRange\CharactersInRange.csproj", "{54E6901F-8A91-4880-A663-71FB4C953A5A}"
EndProject
Project("{FAE04EC0-301F-11D3-BF4B-00C04F79EFBC}") = "PasswordValidator", "PasswordValidator\PasswordValidator.csproj", "{491C5DBD-9DE7-424E-8284-6FA494C87309}"
EndProject
Project("{FAE04EC0-301F-11D3-BF4B-00C04F79EFBC}") = "AddAndSubtract", "AddAndSubtract\AddAndSubtract.csproj", "{78798ECD-9CC3-4CFB-8830-B2BD1D8B6256}"
EndProject
Project("{FAE04EC0-301F-11D3-BF4B-00C04F79EFBC}") = "MiddleCharacters", "MiddleCharacters\MiddleCharacters.csproj", "{0F93B5AD-BB7B-4CD7-82A3-A2E5628AEDBF}"
EndProject
Project("{FAE04EC0-301F-11D3-BF4B-00C04F79EFBC}") = "NxNMatrix", "NxNMatrix\NxNMatrix.csproj", "{394C3C65-3C6E-4E52-B2D4-21EDE38FE875}"
EndProject
Project("{FAE04EC0-301F-11D3-BF4B-00C04F79EFBC}") = "FactorialDivision", "FactorialDivision\FactorialDivision.csproj", "{DF23F5ED-4240-403D-BC73-65DF355CF2DB}"
EndProject
Project("{FAE04EC0-301F-11D3-BF4B-00C04F79EFBC}") = "PalindromeIntegers", "PalindromeIntegers\PalindromeIntegers.csproj", "{90E1C0CF-12C2-4BF4-AD51-B3F146D43A26}"
EndProject
Project("{FAE04EC0-301F-11D3-BF4B-00C04F79EFBC}") = "TopNumber", "TopNumber\TopNumber.csproj", "{45FC4E31-8280-4A62-A915-F244CBA0ABA8}"
EndProject
Global
	GlobalSection(SolutionConfigurationPlatforms) = preSolution
		Debug|Any CPU = Debug|Any CPU
		Release|Any CPU = Release|Any CPU
	EndGlobalSection
	GlobalSection(ProjectConfigurationPlatforms) = postSolution
		{B9250A2D-F506-419A-AC3E-8971A17AEAEB}.Debug|Any CPU.ActiveCfg = Debug|Any CPU
		{B9250A2D-F506-419A-AC3E-8971A17AEAEB}.Debug|Any CPU.Build.0 = Debug|Any CPU
		{B9250A2D-F506-419A-AC3E-8971A17AEAEB}.Release|Any CPU.ActiveCfg = Release|Any CPU
		{B9250A2D-F506-419A-AC3E-8971A17AEAEB}.Release|Any CPU.Build.0 = Release|Any CPU
		{B9759F01-E0C5-418D-B40E-D8082E11BF55}.Debug|Any CPU.ActiveCfg = Debug|Any CPU
		{B9759F01-E0C5-418D-B40E-D8082E11BF55}.Debug|Any CPU.Build.0 = Debug|Any CPU
		{B9759F01-E0C5-418D-B40E-D8082E11BF55}.Release|Any CPU.ActiveCfg = Release|Any CPU
		{B9759F01-E0C5-418D-B40E-D8082E11BF55}.Release|Any CPU.Build.0 = Release|Any CPU
		{54E6901F-8A91-4880-A663-71FB4C953A5A}.Debug|Any CPU.ActiveCfg = Debug|Any CPU
		{54E6901F-8A91-4880-A663-71FB4C953A5A}.Debug|Any CPU.Build.0 = Debug|Any CPU
		{54E6901F-8A91-4880-A663-71FB4C953A5A}.Release|Any CPU.ActiveCfg = Release|Any CPU
		{54E6901F-8A91-4880-A663-71FB4C953A5A}.Release|Any CPU.Build.0 = Release|Any CPU
		{491C5DBD-9DE7-424E-8284-6FA494C87309}.Debug|Any CPU.ActiveCfg = Debug|Any CPU
		{491C5DBD-9DE7-424E-8284-6FA494C87309}.Debug|Any CPU.Build.0 = Debug|Any CPU
		{491C5DBD-9DE7-424E-8284-6FA494C87309}.Release|Any CPU.ActiveCfg = Release|Any CPU
		{491C5DBD-9DE7-424E-8284-6FA494C87309}.Release|Any CPU.Build.0 = Release|Any CPU
		{78798ECD-9CC3-4CFB-8830-B2BD1D8B6256}.Debug|Any CPU.ActiveCfg = Debug|Any CPU
		{78798ECD-9CC3-4CFB-8830-B2BD1D8B6256}.Debug|Any CPU.Build.0 = Debug|Any CPU
		{78798ECD-9CC3-4CFB-8830-B2BD1D8B6256}.Release|Any CPU.ActiveCfg = Release|Any CPU
		{78798ECD-9CC3-4CFB-8830-B2BD1D8B6256}.Release|Any CPU.Build.0 = Release|Any CPU
		{0F93B5AD-BB7B-4CD7-82A3-A2E5628AEDBF}.Debug|Any CPU.ActiveCfg = Debug|Any CPU
		{0F93B5AD-BB7B-4CD7-82A3-A2E5628AEDBF}.Debug|Any CPU.Build.0 = Debug|Any CPU
		{0F93B5AD-BB7B-4CD7-82A3-A2E5628AEDBF}.Release|Any CPU.ActiveCfg = Release|Any CPU
		{0F93B5AD-BB7B-4CD7-82A3-A2E5628AEDBF}.Release|Any CPU.Build.0 = Release|Any CPU
		{394C3C65-3C6E-4E52-B2D4-21EDE38FE875}.Debug|Any CPU.ActiveCfg = Debug|Any CPU
		{394C3C65-3C6E-4E52-B2D4-21EDE38FE875}.Debug|Any CPU.Build.0 = Debug|Any CPU
		{394C3C65-3C6E-4E52-B2D4-21EDE38FE875}.Release|Any CPU.ActiveCfg = Release|Any CPU
		{394C3C65-3C6E-4E52-B2D4-21EDE38FE875}.Release|Any CPU.Build.0 = Release|Any CPU
		{DF23F5ED-4240-403D-BC73-65DF355CF2DB}.Debug|Any CPU.ActiveCfg = Debug|Any CPU
		{DF23F5ED-4240-403D-BC73-65DF355CF2DB}.Debug|Any CPU.Build.0 = Debug|Any CPU
		{DF23F5ED-4240-403D-BC73-65DF355CF2DB}.Release|Any CPU.ActiveCfg = Release|Any CPU
		{DF23F5ED-4240-403D-BC73-65DF355CF2DB}.Release|Any CPU.Build.0 = Release|Any CPU
		{90E1C0CF-12C2-4BF4-AD51-B3F146D43A26}.Debug|Any CPU.ActiveCfg = Debug|Any CPU
		{90E1C0CF-12C2-4BF4-AD51-B3F146D43A26}.Debug|Any CPU.Build.0 = Debug|Any CPU
		{90E1C0CF-12C2-4BF4-AD51-B3F146D43A26}.Release|Any CPU.ActiveCfg = Release|Any CPU
		{90E1C0CF-12C2-4BF4-AD51-B3F146D43A26}.Release|Any CPU.Build.0 = Release|Any CPU
		{45FC4E31-8280-4A62-A915-F244CBA0ABA8}.Debug|Any CPU.ActiveCfg = Debug|Any CPU
		{45FC4E31-8280-4A62-A915-F244CBA0ABA8}.Debug|Any CPU.Build.0 = Debug|Any CPU
		{45FC4E31-8280-4A62-A915-F244CBA0ABA8}.Release|Any CPU.ActiveCfg = Release|Any CPU
		{45FC4E31-8280-4A62-A915-F244CBA0ABA8}.Release|Any CPU.Build.0 = Release|Any CPU
	EndGlobalSection
	GlobalSection(SolutionProperties) = preSolution
		HideSolutionNode = FALSE
	EndGlobalSection
	GlobalSection(ExtensibilityGlobals) = postSolution
		SolutionGuid = {EA68E173-CADD-46FD-AF98-1D15567ED9F9}
	EndGlobalSection
EndGlobal
