
Microsoft Visual Studio Solution File, Format Version 12.00
# Visual Studio Version 16
VisualStudioVersion = 16.0.31205.134
MinimumVisualStudioVersion = 10.0.40219.1
Project("{FAE04EC0-301F-11D3-BF4B-00C04F79EFBC}") = "EvenLines", "EvenLines\EvenLines.csproj", "{97251B04-C3AF-415B-BDBA-8B60F1B76EB7}"
EndProject
Project("{FAE04EC0-301F-11D3-BF4B-00C04F79EFBC}") = "LineNumbers", "LineNumbers\LineNumbers.csproj", "{10D198CC-ECFF-40F9-A899-69D8CCE9287C}"
EndProject
Project("{FAE04EC0-301F-11D3-BF4B-00C04F79EFBC}") = "WordCount", "WordCount\WordCount.csproj", "{319872AA-1205-44B9-BA80-E1A5EC6DC8DE}"
EndProject
Project("{FAE04EC0-301F-11D3-BF4B-00C04F79EFBC}") = "CopyBinaryFile", "CopyBinaryFile\CopyBinaryFile.csproj", "{55FF2BB5-9D4A-44E6-BCBC-733D73A67469}"
EndProject
Project("{FAE04EC0-301F-11D3-BF4B-00C04F79EFBC}") = "DirectoryTraversal", "DirectoryTraversal\DirectoryTraversal.csproj", "{944E2A44-2A4F-4862-B414-2D2FDBEFEE3C}"
EndProject
Project("{FAE04EC0-301F-11D3-BF4B-00C04F79EFBC}") = "ZipAndExtract", "ZipAndExtract\ZipAndExtract.csproj", "{C379D334-AD1F-4E01-A9F4-95F1BFE891C2}"
EndProject
Global
	GlobalSection(SolutionConfigurationPlatforms) = preSolution
		Debug|Any CPU = Debug|Any CPU
		Release|Any CPU = Release|Any CPU
	EndGlobalSection
	GlobalSection(ProjectConfigurationPlatforms) = postSolution
		{97251B04-C3AF-415B-BDBA-8B60F1B76EB7}.Debug|Any CPU.ActiveCfg = Debug|Any CPU
		{97251B04-C3AF-415B-BDBA-8B60F1B76EB7}.Debug|Any CPU.Build.0 = Debug|Any CPU
		{97251B04-C3AF-415B-BDBA-8B60F1B76EB7}.Release|Any CPU.ActiveCfg = Release|Any CPU
		{97251B04-C3AF-415B-BDBA-8B60F1B76EB7}.Release|Any CPU.Build.0 = Release|Any CPU
		{10D198CC-ECFF-40F9-A899-69D8CCE9287C}.Debug|Any CPU.ActiveCfg = Debug|Any CPU
		{10D198CC-ECFF-40F9-A899-69D8CCE9287C}.Debug|Any CPU.Build.0 = Debug|Any CPU
		{10D198CC-ECFF-40F9-A899-69D8CCE9287C}.Release|Any CPU.ActiveCfg = Release|Any CPU
		{10D198CC-ECFF-40F9-A899-69D8CCE9287C}.Release|Any CPU.Build.0 = Release|Any CPU
		{319872AA-1205-44B9-BA80-E1A5EC6DC8DE}.Debug|Any CPU.ActiveCfg = Debug|Any CPU
		{319872AA-1205-44B9-BA80-E1A5EC6DC8DE}.Debug|Any CPU.Build.0 = Debug|Any CPU
		{319872AA-1205-44B9-BA80-E1A5EC6DC8DE}.Release|Any CPU.ActiveCfg = Release|Any CPU
		{319872AA-1205-44B9-BA80-E1A5EC6DC8DE}.Release|Any CPU.Build.0 = Release|Any CPU
		{55FF2BB5-9D4A-44E6-BCBC-733D73A67469}.Debug|Any CPU.ActiveCfg = Debug|Any CPU
		{55FF2BB5-9D4A-44E6-BCBC-733D73A67469}.Debug|Any CPU.Build.0 = Debug|Any CPU
		{55FF2BB5-9D4A-44E6-BCBC-733D73A67469}.Release|Any CPU.ActiveCfg = Release|Any CPU
		{55FF2BB5-9D4A-44E6-BCBC-733D73A67469}.Release|Any CPU.Build.0 = Release|Any CPU
		{944E2A44-2A4F-4862-B414-2D2FDBEFEE3C}.Debug|Any CPU.ActiveCfg = Debug|Any CPU
		{944E2A44-2A4F-4862-B414-2D2FDBEFEE3C}.Debug|Any CPU.Build.0 = Debug|Any CPU
		{944E2A44-2A4F-4862-B414-2D2FDBEFEE3C}.Release|Any CPU.ActiveCfg = Release|Any CPU
		{944E2A44-2A4F-4862-B414-2D2FDBEFEE3C}.Release|Any CPU.Build.0 = Release|Any CPU
		{C379D334-AD1F-4E01-A9F4-95F1BFE891C2}.Debug|Any CPU.ActiveCfg = Debug|Any CPU
		{C379D334-AD1F-4E01-A9F4-95F1BFE891C2}.Debug|Any CPU.Build.0 = Debug|Any CPU
		{C379D334-AD1F-4E01-A9F4-95F1BFE891C2}.Release|Any CPU.ActiveCfg = Release|Any CPU
		{C379D334-AD1F-4E01-A9F4-95F1BFE891C2}.Release|Any CPU.Build.0 = Release|Any CPU
	EndGlobalSection
	GlobalSection(SolutionProperties) = preSolution
		HideSolutionNode = FALSE
	EndGlobalSection
	GlobalSection(ExtensibilityGlobals) = postSolution
		SolutionGuid = {5F2D21A1-6479-46F3-B79C-4656FCEF0018}
	EndGlobalSection
EndGlobal
