
Microsoft Visual Studio Solution File, Format Version 12.00
# Visual Studio Version 16
VisualStudioVersion = 16.0.31205.134
MinimumVisualStudioVersion = 10.0.40219.1
Project("{9A19103F-16F7-4668-BE54-9A1E7A4F7556}") = "Farm", "01. Farm\Farm.csproj", "{B708FABF-0E2F-40A6-AB91-A40E2F4E703E}"
EndProject
Project("{9A19103F-16F7-4668-BE54-9A1E7A4F7556}") = "CustomRandomList", "04. CustomRandomList\CustomRandomList.csproj", "{5FC46760-E70F-48A9-91A2-B8A8C9E44817}"
EndProject
Project("{9A19103F-16F7-4668-BE54-9A1E7A4F7556}") = "CustomStack", "05. CustomStack\CustomStack.csproj", "{0AD1F405-2447-4F08-81EE-B63BA12132B0}"
EndProject
Global
	GlobalSection(SolutionConfigurationPlatforms) = preSolution
		Debug|Any CPU = Debug|Any CPU
		Release|Any CPU = Release|Any CPU
	EndGlobalSection
	GlobalSection(ProjectConfigurationPlatforms) = postSolution
		{B708FABF-0E2F-40A6-AB91-A40E2F4E703E}.Debug|Any CPU.ActiveCfg = Debug|Any CPU
		{B708FABF-0E2F-40A6-AB91-A40E2F4E703E}.Debug|Any CPU.Build.0 = Debug|Any CPU
		{B708FABF-0E2F-40A6-AB91-A40E2F4E703E}.Release|Any CPU.ActiveCfg = Release|Any CPU
		{B708FABF-0E2F-40A6-AB91-A40E2F4E703E}.Release|Any CPU.Build.0 = Release|Any CPU
		{5FC46760-E70F-48A9-91A2-B8A8C9E44817}.Debug|Any CPU.ActiveCfg = Debug|Any CPU
		{5FC46760-E70F-48A9-91A2-B8A8C9E44817}.Debug|Any CPU.Build.0 = Debug|Any CPU
		{5FC46760-E70F-48A9-91A2-B8A8C9E44817}.Release|Any CPU.ActiveCfg = Release|Any CPU
		{5FC46760-E70F-48A9-91A2-B8A8C9E44817}.Release|Any CPU.Build.0 = Release|Any CPU
		{0AD1F405-2447-4F08-81EE-B63BA12132B0}.Debug|Any CPU.ActiveCfg = Debug|Any CPU
		{0AD1F405-2447-4F08-81EE-B63BA12132B0}.Debug|Any CPU.Build.0 = Debug|Any CPU
		{0AD1F405-2447-4F08-81EE-B63BA12132B0}.Release|Any CPU.ActiveCfg = Release|Any CPU
		{0AD1F405-2447-4F08-81EE-B63BA12132B0}.Release|Any CPU.Build.0 = Release|Any CPU
	EndGlobalSection
	GlobalSection(SolutionProperties) = preSolution
		HideSolutionNode = FALSE
	EndGlobalSection
	GlobalSection(ExtensibilityGlobals) = postSolution
		SolutionGuid = {AE7BC277-20F2-4F5E-B828-E3DF4F1686E2}
	EndGlobalSection
EndGlobal
