
Microsoft Visual Studio Solution File, Format Version 12.00
# Visual Studio Version 16
VisualStudioVersion = 16.0.31205.134
MinimumVisualStudioVersion = 10.0.40219.1
Project("{9A19103F-16F7-4668-BE54-9A1E7A4F7556}") = "Farm", "Farm\Farm.csproj", "{EB2A556F-6872-4D8B-B7A6-34FB12ED4106}"
EndProject
Project("{9A19103F-16F7-4668-BE54-9A1E7A4F7556}") = "CustomRandomList", "CustomRandomList\CustomRandomList.csproj", "{85F2C869-8B2F-4999-AC0E-46425E39364F}"
EndProject
Project("{FAE04EC0-301F-11D3-BF4B-00C04F79EFBC}") = "CustomStack", "CustomStack\CustomStack.csproj", "{98BFD29C-FD5F-4164-A5A9-8346E49EA893}"
EndProject
Global
	GlobalSection(SolutionConfigurationPlatforms) = preSolution
		Debug|Any CPU = Debug|Any CPU
		Release|Any CPU = Release|Any CPU
	EndGlobalSection
	GlobalSection(ProjectConfigurationPlatforms) = postSolution
		{EB2A556F-6872-4D8B-B7A6-34FB12ED4106}.Debug|Any CPU.ActiveCfg = Debug|Any CPU
		{EB2A556F-6872-4D8B-B7A6-34FB12ED4106}.Debug|Any CPU.Build.0 = Debug|Any CPU
		{EB2A556F-6872-4D8B-B7A6-34FB12ED4106}.Release|Any CPU.ActiveCfg = Release|Any CPU
		{EB2A556F-6872-4D8B-B7A6-34FB12ED4106}.Release|Any CPU.Build.0 = Release|Any CPU
		{85F2C869-8B2F-4999-AC0E-46425E39364F}.Debug|Any CPU.ActiveCfg = Debug|Any CPU
		{85F2C869-8B2F-4999-AC0E-46425E39364F}.Debug|Any CPU.Build.0 = Debug|Any CPU
		{85F2C869-8B2F-4999-AC0E-46425E39364F}.Release|Any CPU.ActiveCfg = Release|Any CPU
		{85F2C869-8B2F-4999-AC0E-46425E39364F}.Release|Any CPU.Build.0 = Release|Any CPU
		{98BFD29C-FD5F-4164-A5A9-8346E49EA893}.Debug|Any CPU.ActiveCfg = Debug|Any CPU
		{98BFD29C-FD5F-4164-A5A9-8346E49EA893}.Debug|Any CPU.Build.0 = Debug|Any CPU
		{98BFD29C-FD5F-4164-A5A9-8346E49EA893}.Release|Any CPU.ActiveCfg = Release|Any CPU
		{98BFD29C-FD5F-4164-A5A9-8346E49EA893}.Release|Any CPU.Build.0 = Release|Any CPU
	EndGlobalSection
	GlobalSection(SolutionProperties) = preSolution
		HideSolutionNode = FALSE
	EndGlobalSection
	GlobalSection(ExtensibilityGlobals) = postSolution
		SolutionGuid = {AE7BC277-20F2-4F5E-B828-E3DF4F1686E2}
	EndGlobalSection
EndGlobal
