
Microsoft Visual Studio Solution File, Format Version 12.00
# Visual Studio Version 16
VisualStudioVersion = 16.0.30503.244
MinimumVisualStudioVersion = 10.0.40219.1
Project("{FAE04EC0-301F-11D3-BF4B-00C04F79EFBC}") = "Greeting", "Greeting\Greeting.csproj", "{CFEC1598-7738-4F16-9C5F-B1F809177277}"
EndProject
Project("{FAE04EC0-301F-11D3-BF4B-00C04F79EFBC}") = "ConcatenateData", "ConcatenateData\ConcatenateData.csproj", "{E7F37B08-E5CC-44C5-958D-59DE4164DDFA}"
EndProject
Project("{FAE04EC0-301F-11D3-BF4B-00C04F79EFBC}") = "ProjectsCreation", "ProjectsCreation\ProjectsCreation.csproj", "{63A4ABAA-2248-4F0E-8268-DECB2250CB46}"
EndProject
Project("{FAE04EC0-301F-11D3-BF4B-00C04F79EFBC}") = "PetShop", "PetShop\PetShop.csproj", "{3BF06BE4-E95B-48DA-9ACD-B903114A3480}"
EndProject
Project("{FAE04EC0-301F-11D3-BF4B-00C04F79EFBC}") = "YardGreening", "YardGreening\YardGreening.csproj", "{5938EEC6-77F1-4634-8B4F-44A66F13C03A}"
EndProject
Global
	GlobalSection(SolutionConfigurationPlatforms) = preSolution
		Debug|Any CPU = Debug|Any CPU
		Release|Any CPU = Release|Any CPU
	EndGlobalSection
	GlobalSection(ProjectConfigurationPlatforms) = postSolution
		{CFEC1598-7738-4F16-9C5F-B1F809177277}.Debug|Any CPU.ActiveCfg = Debug|Any CPU
		{CFEC1598-7738-4F16-9C5F-B1F809177277}.Debug|Any CPU.Build.0 = Debug|Any CPU
		{CFEC1598-7738-4F16-9C5F-B1F809177277}.Release|Any CPU.ActiveCfg = Release|Any CPU
		{CFEC1598-7738-4F16-9C5F-B1F809177277}.Release|Any CPU.Build.0 = Release|Any CPU
		{E7F37B08-E5CC-44C5-958D-59DE4164DDFA}.Debug|Any CPU.ActiveCfg = Debug|Any CPU
		{E7F37B08-E5CC-44C5-958D-59DE4164DDFA}.Debug|Any CPU.Build.0 = Debug|Any CPU
		{E7F37B08-E5CC-44C5-958D-59DE4164DDFA}.Release|Any CPU.ActiveCfg = Release|Any CPU
		{E7F37B08-E5CC-44C5-958D-59DE4164DDFA}.Release|Any CPU.Build.0 = Release|Any CPU
		{63A4ABAA-2248-4F0E-8268-DECB2250CB46}.Debug|Any CPU.ActiveCfg = Debug|Any CPU
		{63A4ABAA-2248-4F0E-8268-DECB2250CB46}.Debug|Any CPU.Build.0 = Debug|Any CPU
		{63A4ABAA-2248-4F0E-8268-DECB2250CB46}.Release|Any CPU.ActiveCfg = Release|Any CPU
		{63A4ABAA-2248-4F0E-8268-DECB2250CB46}.Release|Any CPU.Build.0 = Release|Any CPU
		{3BF06BE4-E95B-48DA-9ACD-B903114A3480}.Debug|Any CPU.ActiveCfg = Debug|Any CPU
		{3BF06BE4-E95B-48DA-9ACD-B903114A3480}.Debug|Any CPU.Build.0 = Debug|Any CPU
		{3BF06BE4-E95B-48DA-9ACD-B903114A3480}.Release|Any CPU.ActiveCfg = Release|Any CPU
		{3BF06BE4-E95B-48DA-9ACD-B903114A3480}.Release|Any CPU.Build.0 = Release|Any CPU
		{5938EEC6-77F1-4634-8B4F-44A66F13C03A}.Debug|Any CPU.ActiveCfg = Debug|Any CPU
		{5938EEC6-77F1-4634-8B4F-44A66F13C03A}.Debug|Any CPU.Build.0 = Debug|Any CPU
		{5938EEC6-77F1-4634-8B4F-44A66F13C03A}.Release|Any CPU.ActiveCfg = Release|Any CPU
		{5938EEC6-77F1-4634-8B4F-44A66F13C03A}.Release|Any CPU.Build.0 = Release|Any CPU
	EndGlobalSection
	GlobalSection(SolutionProperties) = preSolution
		HideSolutionNode = FALSE
	EndGlobalSection
	GlobalSection(ExtensibilityGlobals) = postSolution
		SolutionGuid = {40B011ED-3442-4E9C-9945-6CECDEF8A81B}
	EndGlobalSection
EndGlobal
